
Microsoft Visual Studio Solution File, Format Version 12.00
# Visual Studio 2010
Project("{FAE04EC0-301F-11D3-BF4B-00C04F79EFBC}") = "RateService", "RateService\RateService.csproj", "{B2755500-4E12-4F3E-B7B5-4D45436A89D2}"
EndProject
Project("{2150E333-8FDC-42A3-9474-1A3956D46DE8}") = "Doc", "Doc", "{29E02116-F7E5-4500-B5B6-D019C26AC807}"
	ProjectSection(SolutionItems) = preProject
		Doc\RateDebug.html = Doc\RateDebug.html
		Doc\评价服务消息规范.doc = Doc\评价服务消息规范.doc
	EndProjectSection
EndProject
Global
	GlobalSection(SolutionConfigurationPlatforms) = preSolution
		Debug|Any CPU = Debug|Any CPU
		Debug|Mixed Platforms = Debug|Mixed Platforms
		Debug|x86 = Debug|x86
		Release|Any CPU = Release|Any CPU
		Release|Mixed Platforms = Release|Mixed Platforms
		Release|x86 = Release|x86
	EndGlobalSection
	GlobalSection(ProjectConfigurationPlatforms) = postSolution
		{B2755500-4E12-4F3E-B7B5-4D45436A89D2}.Debug|Any CPU.ActiveCfg = Debug|Any CPU
		{B2755500-4E12-4F3E-B7B5-4D45436A89D2}.Debug|Any CPU.Build.0 = Debug|Any CPU
		{B2755500-4E12-4F3E-B7B5-4D45436A89D2}.Debug|Mixed Platforms.ActiveCfg = Debug|Any CPU
		{B2755500-4E12-4F3E-B7B5-4D45436A89D2}.Debug|Mixed Platforms.Build.0 = Debug|Any CPU
		{B2755500-4E12-4F3E-B7B5-4D45436A89D2}.Debug|x86.ActiveCfg = Debug|Any CPU
		{B2755500-4E12-4F3E-B7B5-4D45436A89D2}.Release|Any CPU.ActiveCfg = Release|Any CPU
		{B2755500-4E12-4F3E-B7B5-4D45436A89D2}.Release|Any CPU.Build.0 = Release|Any CPU
		{B2755500-4E12-4F3E-B7B5-4D45436A89D2}.Release|Mixed Platforms.ActiveCfg = Release|Any CPU
		{B2755500-4E12-4F3E-B7B5-4D45436A89D2}.Release|Mixed Platforms.Build.0 = Release|Any CPU
		{B2755500-4E12-4F3E-B7B5-4D45436A89D2}.Release|x86.ActiveCfg = Release|Any CPU
	EndGlobalSection
	GlobalSection(SolutionProperties) = preSolution
		HideSolutionNode = FALSE
	EndGlobalSection
EndGlobal
