
Microsoft Visual Studio Solution File, Format Version 12.00
# Visual Studio 15
VisualStudioVersion = 15.0.26730.10
MinimumVisualStudioVersion = 10.0.40219.1
Project("{9A19103F-16F7-4668-BE54-9A1E7A4F7556}") = "Chloe", "Chloe\Chloe.csproj", "{6F1079AC-8197-4A0D-86BB-4BCF7ABE491A}"
EndProject
Project("{9A19103F-16F7-4668-BE54-9A1E7A4F7556}") = "Chloe.SqlServer", "Chloe.SqlServer\Chloe.SqlServer.csproj", "{A76EACB5-C6DA-4CC2-8FE1-9EDCC6BF7B46}"
EndProject
Project("{9A19103F-16F7-4668-BE54-9A1E7A4F7556}") = "Chloe.MySql", "Chloe.MySql\Chloe.MySql.csproj", "{8B390181-D8FD-4515-9B81-7C98D026CA9A}"
EndProject
Project("{9A19103F-16F7-4668-BE54-9A1E7A4F7556}") = "ChloeDemo", "ChloeDemo\ChloeDemo.csproj", "{D1F183ED-D321-45DE-8820-527C057C1878}"
EndProject
Project("{9A19103F-16F7-4668-BE54-9A1E7A4F7556}") = "Chloe.SQLite", "Chloe.SQLite\Chloe.SQLite.csproj", "{9AF052AE-3EDE-4C54-860F-601B79D386BC}"
EndProject
Project("{9A19103F-16F7-4668-BE54-9A1E7A4F7556}") = "ChloeTest", "ChloeTest\ChloeTest.csproj", "{8AAEEE32-2AA1-4275-ACD0-15784302A1A2}"
EndProject
Project("{9A19103F-16F7-4668-BE54-9A1E7A4F7556}") = "Chloe.Extension", "Chloe.Extension\Chloe.Extension.csproj", "{77057F4F-6811-482E-8FC4-117B088B916C}"
EndProject
Project("{9A19103F-16F7-4668-BE54-9A1E7A4F7556}") = "Chloe.Oracle", "Chloe.Oracle\Chloe.Oracle.csproj", "{01834F04-15E7-4206-974B-C269BE1A5486}"
EndProject
Global
	GlobalSection(SolutionConfigurationPlatforms) = preSolution
		Debug|Any CPU = Debug|Any CPU
		Release|Any CPU = Release|Any CPU
	EndGlobalSection
	GlobalSection(ProjectConfigurationPlatforms) = postSolution
		{6F1079AC-8197-4A0D-86BB-4BCF7ABE491A}.Debug|Any CPU.ActiveCfg = Debug|Any CPU
		{6F1079AC-8197-4A0D-86BB-4BCF7ABE491A}.Debug|Any CPU.Build.0 = Debug|Any CPU
		{6F1079AC-8197-4A0D-86BB-4BCF7ABE491A}.Release|Any CPU.ActiveCfg = Release|Any CPU
		{6F1079AC-8197-4A0D-86BB-4BCF7ABE491A}.Release|Any CPU.Build.0 = Release|Any CPU
		{A76EACB5-C6DA-4CC2-8FE1-9EDCC6BF7B46}.Debug|Any CPU.ActiveCfg = Debug|Any CPU
		{A76EACB5-C6DA-4CC2-8FE1-9EDCC6BF7B46}.Debug|Any CPU.Build.0 = Debug|Any CPU
		{A76EACB5-C6DA-4CC2-8FE1-9EDCC6BF7B46}.Release|Any CPU.ActiveCfg = Release|Any CPU
		{A76EACB5-C6DA-4CC2-8FE1-9EDCC6BF7B46}.Release|Any CPU.Build.0 = Release|Any CPU
		{8B390181-D8FD-4515-9B81-7C98D026CA9A}.Debug|Any CPU.ActiveCfg = Debug|Any CPU
		{8B390181-D8FD-4515-9B81-7C98D026CA9A}.Debug|Any CPU.Build.0 = Debug|Any CPU
		{8B390181-D8FD-4515-9B81-7C98D026CA9A}.Release|Any CPU.ActiveCfg = Release|Any CPU
		{8B390181-D8FD-4515-9B81-7C98D026CA9A}.Release|Any CPU.Build.0 = Release|Any CPU
		{D1F183ED-D321-45DE-8820-527C057C1878}.Debug|Any CPU.ActiveCfg = Debug|Any CPU
		{D1F183ED-D321-45DE-8820-527C057C1878}.Debug|Any CPU.Build.0 = Debug|Any CPU
		{D1F183ED-D321-45DE-8820-527C057C1878}.Release|Any CPU.ActiveCfg = Release|Any CPU
		{D1F183ED-D321-45DE-8820-527C057C1878}.Release|Any CPU.Build.0 = Release|Any CPU
		{9AF052AE-3EDE-4C54-860F-601B79D386BC}.Debug|Any CPU.ActiveCfg = Debug|Any CPU
		{9AF052AE-3EDE-4C54-860F-601B79D386BC}.Debug|Any CPU.Build.0 = Debug|Any CPU
		{9AF052AE-3EDE-4C54-860F-601B79D386BC}.Release|Any CPU.ActiveCfg = Release|Any CPU
		{9AF052AE-3EDE-4C54-860F-601B79D386BC}.Release|Any CPU.Build.0 = Release|Any CPU
		{8AAEEE32-2AA1-4275-ACD0-15784302A1A2}.Debug|Any CPU.ActiveCfg = Debug|Any CPU
		{8AAEEE32-2AA1-4275-ACD0-15784302A1A2}.Debug|Any CPU.Build.0 = Debug|Any CPU
		{8AAEEE32-2AA1-4275-ACD0-15784302A1A2}.Release|Any CPU.ActiveCfg = Release|Any CPU
		{8AAEEE32-2AA1-4275-ACD0-15784302A1A2}.Release|Any CPU.Build.0 = Release|Any CPU
		{77057F4F-6811-482E-8FC4-117B088B916C}.Debug|Any CPU.ActiveCfg = Debug|Any CPU
		{77057F4F-6811-482E-8FC4-117B088B916C}.Debug|Any CPU.Build.0 = Debug|Any CPU
		{77057F4F-6811-482E-8FC4-117B088B916C}.Release|Any CPU.ActiveCfg = Release|Any CPU
		{77057F4F-6811-482E-8FC4-117B088B916C}.Release|Any CPU.Build.0 = Release|Any CPU
		{01834F04-15E7-4206-974B-C269BE1A5486}.Debug|Any CPU.ActiveCfg = Debug|Any CPU
		{01834F04-15E7-4206-974B-C269BE1A5486}.Debug|Any CPU.Build.0 = Debug|Any CPU
		{01834F04-15E7-4206-974B-C269BE1A5486}.Release|Any CPU.ActiveCfg = Release|Any CPU
		{01834F04-15E7-4206-974B-C269BE1A5486}.Release|Any CPU.Build.0 = Release|Any CPU
	EndGlobalSection
	GlobalSection(SolutionProperties) = preSolution
		HideSolutionNode = FALSE
	EndGlobalSection
	GlobalSection(ExtensibilityGlobals) = postSolution
		SolutionGuid = {D01D0708-578E-44A6-A931-9B3875F8D79B}
	EndGlobalSection
EndGlobal
