
Microsoft Visual Studio Solution File, Format Version 12.00
# Visual Studio 14
VisualStudioVersion = 14.0.25420.1
MinimumVisualStudioVersion = 10.0.40219.1
Project("{FAE04EC0-301F-11D3-BF4B-00C04F79EFBC}") = "ServiceHost", "ServiceHost\ServiceHost.csproj", "{3B39661D-DFCC-43EE-8E96-A49806D3E861}"
EndProject
Project("{2150E333-8FDC-42A3-9474-1A3956D46DE8}") = "Html", "Html", "{F62A4B2D-897C-45A1-9A75-C7D043FDCBDF}"
	ProjectSection(SolutionItems) = preProject
		Html\Debug.html = Html\Debug.html
		Html\jquery-1.10.2.min.js = Html\jquery-1.10.2.min.js
	EndProjectSection
EndProject
Global
	GlobalSection(SolutionConfigurationPlatforms) = preSolution
		Debug|Any CPU = Debug|Any CPU
		Release|Any CPU = Release|Any CPU
	EndGlobalSection
	GlobalSection(ProjectConfigurationPlatforms) = postSolution
		{3B39661D-DFCC-43EE-8E96-A49806D3E861}.Debug|Any CPU.ActiveCfg = Debug|Any CPU
		{3B39661D-DFCC-43EE-8E96-A49806D3E861}.Debug|Any CPU.Build.0 = Debug|Any CPU
		{3B39661D-DFCC-43EE-8E96-A49806D3E861}.Release|Any CPU.ActiveCfg = Release|Any CPU
		{3B39661D-DFCC-43EE-8E96-A49806D3E861}.Release|Any CPU.Build.0 = Release|Any CPU
	EndGlobalSection
	GlobalSection(SolutionProperties) = preSolution
		HideSolutionNode = FALSE
	EndGlobalSection
EndGlobal
