
Microsoft Visual Studio Solution File, Format Version 12.00
# Visual Studio 2010
Project("{FAE04EC0-301F-11D3-BF4B-00C04F79EFBC}") = "SoundPlayer", "SoundPlayer\SoundPlayer.csproj", "{B667A237-876F-4AA1-A044-4FDDD7E49A1A}"
EndProject
Global
	GlobalSection(SolutionConfigurationPlatforms) = preSolution
		Debug|Any CPU = Debug|Any CPU
		Release|Any CPU = Release|Any CPU
	EndGlobalSection
	GlobalSection(ProjectConfigurationPlatforms) = postSolution
		{B667A237-876F-4AA1-A044-4FDDD7E49A1A}.Debug|Any CPU.ActiveCfg = Debug|Any CPU
		{B667A237-876F-4AA1-A044-4FDDD7E49A1A}.Debug|Any CPU.Build.0 = Debug|Any CPU
		{B667A237-876F-4AA1-A044-4FDDD7E49A1A}.Release|Any CPU.ActiveCfg = Release|Any CPU
		{B667A237-876F-4AA1-A044-4FDDD7E49A1A}.Release|Any CPU.Build.0 = Release|Any CPU
	EndGlobalSection
	GlobalSection(SolutionProperties) = preSolution
		HideSolutionNode = FALSE
	EndGlobalSection
EndGlobal
